
Microsoft Visual Studio Solution File, Format Version 12.00
# Visual Studio Version 17
VisualStudioVersion = 17.5.33516.290
MinimumVisualStudioVersion = 10.0.40219.1
Project("{9A19103F-16F7-4668-BE54-9A1E7A4F7556}") = "T2203E-ASP", "T2203E-ASP\T2203E-ASP.csproj", "{B49FC0E8-2E56-4965-89D5-29A4D90BFC64}"
EndProject
Project("{9A19103F-16F7-4668-BE54-9A1E7A4F7556}") = "T2203E_API", "T2203E_API\T2203E_API.csproj", "{DD9B59FD-DBCD-4B7B-BB5F-482690200992}"
EndProject
Project("{FAE04EC0-301F-11D3-BF4B-00C04F79EFBC}") = "Baithithuchanh", "Baithithuchanh\Baithithuchanh.csproj", "{09AC79EF-9F7E-4ECE-AF63-835883455728}"
EndProject
Global
	GlobalSection(SolutionConfigurationPlatforms) = preSolution
		Debug|Any CPU = Debug|Any CPU
		Release|Any CPU = Release|Any CPU
	EndGlobalSection
	GlobalSection(ProjectConfigurationPlatforms) = postSolution
		{B49FC0E8-2E56-4965-89D5-29A4D90BFC64}.Debug|Any CPU.ActiveCfg = Debug|Any CPU
		{B49FC0E8-2E56-4965-89D5-29A4D90BFC64}.Debug|Any CPU.Build.0 = Debug|Any CPU
		{B49FC0E8-2E56-4965-89D5-29A4D90BFC64}.Release|Any CPU.ActiveCfg = Release|Any CPU
		{B49FC0E8-2E56-4965-89D5-29A4D90BFC64}.Release|Any CPU.Build.0 = Release|Any CPU
		{DD9B59FD-DBCD-4B7B-BB5F-482690200992}.Debug|Any CPU.ActiveCfg = Debug|Any CPU
		{DD9B59FD-DBCD-4B7B-BB5F-482690200992}.Debug|Any CPU.Build.0 = Debug|Any CPU
		{DD9B59FD-DBCD-4B7B-BB5F-482690200992}.Release|Any CPU.ActiveCfg = Release|Any CPU
		{DD9B59FD-DBCD-4B7B-BB5F-482690200992}.Release|Any CPU.Build.0 = Release|Any CPU
		{09AC79EF-9F7E-4ECE-AF63-835883455728}.Debug|Any CPU.ActiveCfg = Debug|Any CPU
		{09AC79EF-9F7E-4ECE-AF63-835883455728}.Debug|Any CPU.Build.0 = Debug|Any CPU
		{09AC79EF-9F7E-4ECE-AF63-835883455728}.Release|Any CPU.ActiveCfg = Release|Any CPU
		{09AC79EF-9F7E-4ECE-AF63-835883455728}.Release|Any CPU.Build.0 = Release|Any CPU
	EndGlobalSection
	GlobalSection(SolutionProperties) = preSolution
		HideSolutionNode = FALSE
	EndGlobalSection
	GlobalSection(ExtensibilityGlobals) = postSolution
		SolutionGuid = {DB074409-FF93-4373-B487-FF843F848F43}
	EndGlobalSection
EndGlobal
